
Microsoft Visual Studio Solution File, Format Version 12.00
# Visual Studio Version 17
VisualStudioVersion = 17.0.31903.59
MinimumVisualStudioVersion = 10.0.40219.1
Project("{2150E333-8FDC-42A3-9474-1A3956D46DE8}") = "src", "src", "{827E0CD3-B72D-47B6-A68D-7590B98EB39B}"
EndProject
Project("{FAE04EC0-301F-11D3-BF4B-00C04F79EFBC}") = "LibroFacil.Domain", "src\LibroFacil.Domain\LibroFacil.Domain.csproj", "{89E5C548-C869-445C-AB03-40672FE406EB}"
EndProject
Project("{FAE04EC0-301F-11D3-BF4B-00C04F79EFBC}") = "LibroFacil.Application", "src\LibroFacil.Application\LibroFacil.Application.csproj", "{8920F49A-DEFC-462E-BDED-1698215B742C}"
EndProject
Project("{FAE04EC0-301F-11D3-BF4B-00C04F79EFBC}") = "LibroFacil.Infrastructure", "src\LibroFacil.Infrastructure\LibroFacil.Infrastructure.csproj", "{ABA6D95C-67A6-4CF2-8D2B-EDC90048FCAF}"
EndProject
Project("{FAE04EC0-301F-11D3-BF4B-00C04F79EFBC}") = "LibroFacil.Api", "src\LibroFacil.Api\LibroFacil.Api.csproj", "{F47674F0-6E70-4155-93EC-75B17CC40A82}"
EndProject
Global
	GlobalSection(SolutionConfigurationPlatforms) = preSolution
		Debug|Any CPU = Debug|Any CPU
		Debug|x64 = Debug|x64
		Debug|x86 = Debug|x86
		Release|Any CPU = Release|Any CPU
		Release|x64 = Release|x64
		Release|x86 = Release|x86
	EndGlobalSection
	GlobalSection(ProjectConfigurationPlatforms) = postSolution
		{89E5C548-C869-445C-AB03-40672FE406EB}.Debug|Any CPU.ActiveCfg = Debug|Any CPU
		{89E5C548-C869-445C-AB03-40672FE406EB}.Debug|Any CPU.Build.0 = Debug|Any CPU
		{89E5C548-C869-445C-AB03-40672FE406EB}.Debug|x64.ActiveCfg = Debug|Any CPU
		{89E5C548-C869-445C-AB03-40672FE406EB}.Debug|x64.Build.0 = Debug|Any CPU
		{89E5C548-C869-445C-AB03-40672FE406EB}.Debug|x86.ActiveCfg = Debug|Any CPU
		{89E5C548-C869-445C-AB03-40672FE406EB}.Debug|x86.Build.0 = Debug|Any CPU
		{89E5C548-C869-445C-AB03-40672FE406EB}.Release|Any CPU.ActiveCfg = Release|Any CPU
		{89E5C548-C869-445C-AB03-40672FE406EB}.Release|Any CPU.Build.0 = Release|Any CPU
		{89E5C548-C869-445C-AB03-40672FE406EB}.Release|x64.ActiveCfg = Release|Any CPU
		{89E5C548-C869-445C-AB03-40672FE406EB}.Release|x64.Build.0 = Release|Any CPU
		{89E5C548-C869-445C-AB03-40672FE406EB}.Release|x86.ActiveCfg = Release|Any CPU
		{89E5C548-C869-445C-AB03-40672FE406EB}.Release|x86.Build.0 = Release|Any CPU
		{8920F49A-DEFC-462E-BDED-1698215B742C}.Debug|Any CPU.ActiveCfg = Debug|Any CPU
		{8920F49A-DEFC-462E-BDED-1698215B742C}.Debug|Any CPU.Build.0 = Debug|Any CPU
		{8920F49A-DEFC-462E-BDED-1698215B742C}.Debug|x64.ActiveCfg = Debug|Any CPU
		{8920F49A-DEFC-462E-BDED-1698215B742C}.Debug|x64.Build.0 = Debug|Any CPU
		{8920F49A-DEFC-462E-BDED-1698215B742C}.Debug|x86.ActiveCfg = Debug|Any CPU
		{8920F49A-DEFC-462E-BDED-1698215B742C}.Debug|x86.Build.0 = Debug|Any CPU
		{8920F49A-DEFC-462E-BDED-1698215B742C}.Release|Any CPU.ActiveCfg = Release|Any CPU
		{8920F49A-DEFC-462E-BDED-1698215B742C}.Release|Any CPU.Build.0 = Release|Any CPU
		{8920F49A-DEFC-462E-BDED-1698215B742C}.Release|x64.ActiveCfg = Release|Any CPU
		{8920F49A-DEFC-462E-BDED-1698215B742C}.Release|x64.Build.0 = Release|Any CPU
		{8920F49A-DEFC-462E-BDED-1698215B742C}.Release|x86.ActiveCfg = Release|Any CPU
		{8920F49A-DEFC-462E-BDED-1698215B742C}.Release|x86.Build.0 = Release|Any CPU
		{ABA6D95C-67A6-4CF2-8D2B-EDC90048FCAF}.Debug|Any CPU.ActiveCfg = Debug|Any CPU
		{ABA6D95C-67A6-4CF2-8D2B-EDC90048FCAF}.Debug|Any CPU.Build.0 = Debug|Any CPU
		{ABA6D95C-67A6-4CF2-8D2B-EDC90048FCAF}.Debug|x64.ActiveCfg = Debug|Any CPU
		{ABA6D95C-67A6-4CF2-8D2B-EDC90048FCAF}.Debug|x64.Build.0 = Debug|Any CPU
		{ABA6D95C-67A6-4CF2-8D2B-EDC90048FCAF}.Debug|x86.ActiveCfg = Debug|Any CPU
		{ABA6D95C-67A6-4CF2-8D2B-EDC90048FCAF}.Debug|x86.Build.0 = Debug|Any CPU
		{ABA6D95C-67A6-4CF2-8D2B-EDC90048FCAF}.Release|Any CPU.ActiveCfg = Release|Any CPU
		{ABA6D95C-67A6-4CF2-8D2B-EDC90048FCAF}.Release|Any CPU.Build.0 = Release|Any CPU
		{ABA6D95C-67A6-4CF2-8D2B-EDC90048FCAF}.Release|x64.ActiveCfg = Release|Any CPU
		{ABA6D95C-67A6-4CF2-8D2B-EDC90048FCAF}.Release|x64.Build.0 = Release|Any CPU
		{ABA6D95C-67A6-4CF2-8D2B-EDC90048FCAF}.Release|x86.ActiveCfg = Release|Any CPU
		{ABA6D95C-67A6-4CF2-8D2B-EDC90048FCAF}.Release|x86.Build.0 = Release|Any CPU
		{F47674F0-6E70-4155-93EC-75B17CC40A82}.Debug|Any CPU.ActiveCfg = Debug|Any CPU
		{F47674F0-6E70-4155-93EC-75B17CC40A82}.Debug|Any CPU.Build.0 = Debug|Any CPU
		{F47674F0-6E70-4155-93EC-75B17CC40A82}.Debug|x64.ActiveCfg = Debug|Any CPU
		{F47674F0-6E70-4155-93EC-75B17CC40A82}.Debug|x64.Build.0 = Debug|Any CPU
		{F47674F0-6E70-4155-93EC-75B17CC40A82}.Debug|x86.ActiveCfg = Debug|Any CPU
		{F47674F0-6E70-4155-93EC-75B17CC40A82}.Debug|x86.Build.0 = Debug|Any CPU
		{F47674F0-6E70-4155-93EC-75B17CC40A82}.Release|Any CPU.ActiveCfg = Release|Any CPU
		{F47674F0-6E70-4155-93EC-75B17CC40A82}.Release|Any CPU.Build.0 = Release|Any CPU
		{F47674F0-6E70-4155-93EC-75B17CC40A82}.Release|x64.ActiveCfg = Release|Any CPU
		{F47674F0-6E70-4155-93EC-75B17CC40A82}.Release|x64.Build.0 = Release|Any CPU
		{F47674F0-6E70-4155-93EC-75B17CC40A82}.Release|x86.ActiveCfg = Release|Any CPU
		{F47674F0-6E70-4155-93EC-75B17CC40A82}.Release|x86.Build.0 = Release|Any CPU
	EndGlobalSection
	GlobalSection(SolutionProperties) = preSolution
		HideSolutionNode = FALSE
	EndGlobalSection
	GlobalSection(NestedProjects) = preSolution
		{89E5C548-C869-445C-AB03-40672FE406EB} = {827E0CD3-B72D-47B6-A68D-7590B98EB39B}
		{8920F49A-DEFC-462E-BDED-1698215B742C} = {827E0CD3-B72D-47B6-A68D-7590B98EB39B}
		{ABA6D95C-67A6-4CF2-8D2B-EDC90048FCAF} = {827E0CD3-B72D-47B6-A68D-7590B98EB39B}
		{F47674F0-6E70-4155-93EC-75B17CC40A82} = {827E0CD3-B72D-47B6-A68D-7590B98EB39B}
	EndGlobalSection
EndGlobal
